
Microsoft Visual Studio Solution File, Format Version 12.00
# Visual Studio Version 17
VisualStudioVersion = 17.10.35013.160
MinimumVisualStudioVersion = 10.0.40219.1
Project("{FAE04EC0-301F-11D3-BF4B-00C04F79EFBC}") = "Shopping", "Shopping\Shopping.csproj", "{F5A60523-D6DD-41D8-9D39-A3D0942C2FDC}"
EndProject
Global
	GlobalSection(SolutionConfigurationPlatforms) = preSolution
		Debug|Any CPU = Debug|Any CPU
		Release|Any CPU = Release|Any CPU
	EndGlobalSection
	GlobalSection(ProjectConfigurationPlatforms) = postSolution
		{F5A60523-D6DD-41D8-9D39-A3D0942C2FDC}.Debug|Any CPU.ActiveCfg = Debug|Any CPU
		{F5A60523-D6DD-41D8-9D39-A3D0942C2FDC}.Debug|Any CPU.Build.0 = Debug|Any CPU
		{F5A60523-D6DD-41D8-9D39-A3D0942C2FDC}.Release|Any CPU.ActiveCfg = Release|Any CPU
		{F5A60523-D6DD-41D8-9D39-A3D0942C2FDC}.Release|Any CPU.Build.0 = Release|Any CPU
	EndGlobalSection
	GlobalSection(SolutionProperties) = preSolution
		HideSolutionNode = FALSE
	EndGlobalSection
	GlobalSection(ExtensibilityGlobals) = postSolution
		SolutionGuid = {A10EF32D-F527-48F4-BC21-73D1706267E4}
	EndGlobalSection
EndGlobal
